<Solution>
  <Folder Name="/Solution Items/">
    <File Path="build.cs" />
  </Folder>
  <Folder Name="/src/">
    <Project Path="src/Metaschema/Metaschema.csproj" />
    <File Path="Directory.Build.props" />
    <Project Path="src/Metaschema.Tool/Metaschema.Tool.csproj" />
  </Folder>
  <Folder Name="/test/">
    <Project Path="test/Metaschema.Tests/Metaschema.Tests.csproj" />
  </Folder>
</Solution>
